// !$*UTF8*$!
{
	archiveVersion = 1;
	classes = {
	};
	objectVersion = 56;
	objects = {

/* Begin PBXBuildFile section */
		892277DF29A7B68100881129 /* InferenceListContainer.swift in Sources */ = {isa = PBXBuildFile; fileRef = 892277DE29A7B68100881129 /* InferenceListContainer.swift */; };
		892906B829B63468007FA8C3 /* LeapML in Frameworks */ = {isa = PBXBuildFile; productRef = 892906B729B63468007FA8C3 /* LeapML */; };
		89416A0E299E656200D46CDB /* NewImage+ViewModel.swift in Sources */ = {isa = PBXBuildFile; fileRef = 89416A0D299E656200D46CDB /* NewImage+ViewModel.swift */; };
		89852E0D29A4C1F90084EE08 /* Array+InferenceJob.swift in Sources */ = {isa = PBXBuildFile; fileRef = 89852E0C29A4C1F90084EE08 /* Array+InferenceJob.swift */; };
		89852E0F29A4C60E0084EE08 /* InferenceDetail+Gallery.swift in Sources */ = {isa = PBXBuildFile; fileRef = 89852E0E29A4C60E0084EE08 /* InferenceDetail+Gallery.swift */; };
		89852E1129A4D3DF0084EE08 /* String+Utils.swift in Sources */ = {isa = PBXBuildFile; fileRef = 89852E1029A4D3DF0084EE08 /* String+Utils.swift */; };
		8995571C29A8B617003965D8 /* ProgressContainer.swift in Sources */ = {isa = PBXBuildFile; fileRef = 8995571B29A8B617003965D8 /* ProgressContainer.swift */; };
		8995571E29A8C0C4003965D8 /* ProcessInfo+Preview.swift in Sources */ = {isa = PBXBuildFile; fileRef = 8995571D29A8C0C4003965D8 /* ProcessInfo+Preview.swift */; };
		89B2C7BF29A62D1A0035C37E /* ResolutionPicker.swift in Sources */ = {isa = PBXBuildFile; fileRef = 89B2C7BE29A62D1A0035C37E /* ResolutionPicker.swift */; };
		89B92F1B299BB711008B1375 /* ErrorBar.swift in Sources */ = {isa = PBXBuildFile; fileRef = 89B92F1A299BB711008B1375 /* ErrorBar.swift */; };
		89B92F1D299BB810008B1375 /* DisplayableError.swift in Sources */ = {isa = PBXBuildFile; fileRef = 89B92F1C299BB810008B1375 /* DisplayableError.swift */; };
		89B92F1F299BC061008B1375 /* InferenceDetail.swift in Sources */ = {isa = PBXBuildFile; fileRef = 89B92F1E299BC061008B1375 /* InferenceDetail.swift */; };
		89B92F22299CE363008B1375 /* InferenceList+ViewModel.swift in Sources */ = {isa = PBXBuildFile; fileRef = 89B92F21299CE363008B1375 /* InferenceList+ViewModel.swift */; };
		89FC5EB429939613004340DE /* TestLeapMLApp.swift in Sources */ = {isa = PBXBuildFile; fileRef = 89FC5EB329939613004340DE /* TestLeapMLApp.swift */; };
		89FC5EB629939613004340DE /* ContentView.swift in Sources */ = {isa = PBXBuildFile; fileRef = 89FC5EB529939613004340DE /* ContentView.swift */; };
		89FC5EB829939615004340DE /* Assets.xcassets in Resources */ = {isa = PBXBuildFile; fileRef = 89FC5EB729939615004340DE /* Assets.xcassets */; };
		89FC5EBC29939615004340DE /* Preview Assets.xcassets in Resources */ = {isa = PBXBuildFile; fileRef = 89FC5EBB29939615004340DE /* Preview Assets.xcassets */; };
		89FC5EC629939615004340DE /* TestLeapMLTests.swift in Sources */ = {isa = PBXBuildFile; fileRef = 89FC5EC529939615004340DE /* TestLeapMLTests.swift */; };
		89FC5EF229953760004340DE /* ListInferenceJobs.json in Resources */ = {isa = PBXBuildFile; fileRef = 89FC5EF129953760004340DE /* ListInferenceJobs.json */; };
		89FC5EF429962DC5004340DE /* GenerateImage.json in Resources */ = {isa = PBXBuildFile; fileRef = 89FC5EF329962DC5004340DE /* GenerateImage.json */; };
		89FC5EF7299A4C97004340DE /* InferenceList.swift in Sources */ = {isa = PBXBuildFile; fileRef = 89FC5EF6299A4C97004340DE /* InferenceList.swift */; };
		89FC5F03299A5037004340DE /* ListInferences.json in Resources */ = {isa = PBXBuildFile; fileRef = 89FC5F02299A5037004340DE /* ListInferences.json */; };
		89FC5F06299A505A004340DE /* Utils.swift in Sources */ = {isa = PBXBuildFile; fileRef = 89FC5F05299A505A004340DE /* Utils.swift */; };
		89FC5F08299A6118004340DE /* Toolbars.swift in Sources */ = {isa = PBXBuildFile; fileRef = 89FC5F07299A6118004340DE /* Toolbars.swift */; };
		89FC5F0A299A7034004340DE /* NewImage.swift in Sources */ = {isa = PBXBuildFile; fileRef = 89FC5F09299A7034004340DE /* NewImage.swift */; };
/* End PBXBuildFile section */

/* Begin PBXContainerItemProxy section */
		89FC5EC229939615004340DE /* PBXContainerItemProxy */ = {
			isa = PBXContainerItemProxy;
			containerPortal = 89FC5EA829939613004340DE /* Project object */;
			proxyType = 1;
			remoteGlobalIDString = 89FC5EAF29939613004340DE;
			remoteInfo = TestLeapML;
		};
/* End PBXContainerItemProxy section */

/* Begin PBXFileReference section */
		892277DE29A7B68100881129 /* InferenceListContainer.swift */ = {isa = PBXFileReference; lastKnownFileType = sourcecode.swift; path = InferenceListContainer.swift; sourceTree = "<group>"; };
		892906B529B63451007FA8C3 /* LeapML */ = {isa = PBXFileReference; lastKnownFileType = wrapper; name = LeapML; path = ../LeapML; sourceTree = "<group>"; };
		89416A0D299E656200D46CDB /* NewImage+ViewModel.swift */ = {isa = PBXFileReference; lastKnownFileType = sourcecode.swift; path = "NewImage+ViewModel.swift"; sourceTree = "<group>"; };
		89852E0C29A4C1F90084EE08 /* Array+InferenceJob.swift */ = {isa = PBXFileReference; lastKnownFileType = sourcecode.swift; path = "Array+InferenceJob.swift"; sourceTree = "<group>"; };
		89852E0E29A4C60E0084EE08 /* InferenceDetail+Gallery.swift */ = {isa = PBXFileReference; lastKnownFileType = sourcecode.swift; path = "InferenceDetail+Gallery.swift"; sourceTree = "<group>"; };
		89852E1029A4D3DF0084EE08 /* String+Utils.swift */ = {isa = PBXFileReference; lastKnownFileType = sourcecode.swift; path = "String+Utils.swift"; sourceTree = "<group>"; };
		8995571B29A8B617003965D8 /* ProgressContainer.swift */ = {isa = PBXFileReference; lastKnownFileType = sourcecode.swift; path = ProgressContainer.swift; sourceTree = "<group>"; };
		8995571D29A8C0C4003965D8 /* ProcessInfo+Preview.swift */ = {isa = PBXFileReference; lastKnownFileType = sourcecode.swift; path = "ProcessInfo+Preview.swift"; sourceTree = "<group>"; };
		89B2C7BE29A62D1A0035C37E /* ResolutionPicker.swift */ = {isa = PBXFileReference; lastKnownFileType = sourcecode.swift; path = ResolutionPicker.swift; sourceTree = "<group>"; };
		89B92F1A299BB711008B1375 /* ErrorBar.swift */ = {isa = PBXFileReference; lastKnownFileType = sourcecode.swift; path = ErrorBar.swift; sourceTree = "<group>"; };
		89B92F1C299BB810008B1375 /* DisplayableError.swift */ = {isa = PBXFileReference; lastKnownFileType = sourcecode.swift; path = DisplayableError.swift; sourceTree = "<group>"; };
		89B92F1E299BC061008B1375 /* InferenceDetail.swift */ = {isa = PBXFileReference; lastKnownFileType = sourcecode.swift; path = InferenceDetail.swift; sourceTree = "<group>"; };
		89B92F21299CE363008B1375 /* InferenceList+ViewModel.swift */ = {isa = PBXFileReference; lastKnownFileType = sourcecode.swift; path = "InferenceList+ViewModel.swift"; sourceTree = "<group>"; };
		89FC5EB029939613004340DE /* AI Canvas.app */ = {isa = PBXFileReference; explicitFileType = wrapper.application; includeInIndex = 0; path = "AI Canvas.app"; sourceTree = BUILT_PRODUCTS_DIR; };
		89FC5EB329939613004340DE /* TestLeapMLApp.swift */ = {isa = PBXFileReference; lastKnownFileType = sourcecode.swift; path = TestLeapMLApp.swift; sourceTree = "<group>"; };
		89FC5EB529939613004340DE /* ContentView.swift */ = {isa = PBXFileReference; lastKnownFileType = sourcecode.swift; path = ContentView.swift; sourceTree = "<group>"; };
		89FC5EB729939615004340DE /* Assets.xcassets */ = {isa = PBXFileReference; lastKnownFileType = folder.assetcatalog; path = Assets.xcassets; sourceTree = "<group>"; };
		89FC5EB929939615004340DE /* TestLeapML.entitlements */ = {isa = PBXFileReference; lastKnownFileType = text.plist.entitlements; path = TestLeapML.entitlements; sourceTree = "<group>"; };
		89FC5EBB29939615004340DE /* Preview Assets.xcassets */ = {isa = PBXFileReference; lastKnownFileType = folder.assetcatalog; path = "Preview Assets.xcassets"; sourceTree = "<group>"; };
		89FC5EC129939615004340DE /* TestLeapMLTests.xctest */ = {isa = PBXFileReference; explicitFileType = wrapper.cfbundle; includeInIndex = 0; path = TestLeapMLTests.xctest; sourceTree = BUILT_PRODUCTS_DIR; };
		89FC5EC529939615004340DE /* TestLeapMLTests.swift */ = {isa = PBXFileReference; lastKnownFileType = sourcecode.swift; path = TestLeapMLTests.swift; sourceTree = "<group>"; };
		89FC5EE52993DD5A004340DE /* Config.xcconfig */ = {isa = PBXFileReference; lastKnownFileType = text.xcconfig; path = Config.xcconfig; sourceTree = "<group>"; };
		89FC5EE62993E060004340DE /* Info.plist */ = {isa = PBXFileReference; lastKnownFileType = text.plist; path = Info.plist; sourceTree = "<group>"; };
		89FC5EF129953760004340DE /* ListInferenceJobs.json */ = {isa = PBXFileReference; fileEncoding = 4; lastKnownFileType = text.json; path = ListInferenceJobs.json; sourceTree = "<group>"; };
		89FC5EF329962DC5004340DE /* GenerateImage.json */ = {isa = PBXFileReference; lastKnownFileType = text.json; path = GenerateImage.json; sourceTree = "<group>"; };
		89FC5EF6299A4C97004340DE /* InferenceList.swift */ = {isa = PBXFileReference; lastKnownFileType = sourcecode.swift; path = InferenceList.swift; sourceTree = "<group>"; };
		89FC5F02299A5037004340DE /* ListInferences.json */ = {isa = PBXFileReference; fileEncoding = 4; lastKnownFileType = text.json; path = ListInferences.json; sourceTree = "<group>"; };
		89FC5F05299A505A004340DE /* Utils.swift */ = {isa = PBXFileReference; lastKnownFileType = sourcecode.swift; path = Utils.swift; sourceTree = "<group>"; };
		89FC5F07299A6118004340DE /* Toolbars.swift */ = {isa = PBXFileReference; lastKnownFileType = sourcecode.swift; path = Toolbars.swift; sourceTree = "<group>"; };
		89FC5F09299A7034004340DE /* NewImage.swift */ = {isa = PBXFileReference; lastKnownFileType = sourcecode.swift; path = NewImage.swift; sourceTree = "<group>"; };
/* End PBXFileReference section */

/* Begin PBXFrameworksBuildPhase section */
		89FC5EAD29939613004340DE /* Frameworks */ = {
			isa = PBXFrameworksBuildPhase;
			buildActionMask = 2147483647;
			files = (
				892906B829B63468007FA8C3 /* LeapML in Frameworks */,
			);
			runOnlyForDeploymentPostprocessing = 0;
		};
		89FC5EBE29939615004340DE /* Frameworks */ = {
			isa = PBXFrameworksBuildPhase;
			buildActionMask = 2147483647;
			files = (
			);
			runOnlyForDeploymentPostprocessing = 0;
		};
/* End PBXFrameworksBuildPhase section */

/* Begin PBXGroup section */
		892906B629B63468007FA8C3 /* Frameworks */ = {
			isa = PBXGroup;
			children = (
			);
			name = Frameworks;
			sourceTree = "<group>";
		};
		89405DFC29B62F4900B0B67C /* Packages */ = {
			isa = PBXGroup;
			children = (
				892906B529B63451007FA8C3 /* LeapML */,
			);
			name = Packages;
			sourceTree = "<group>";
		};
		89852E0B29A4C1A70084EE08 /* Extensions */ = {
			isa = PBXGroup;
			children = (
				89852E0C29A4C1F90084EE08 /* Array+InferenceJob.swift */,
				89852E1029A4D3DF0084EE08 /* String+Utils.swift */,
				8995571D29A8C0C4003965D8 /* ProcessInfo+Preview.swift */,
			);
			path = Extensions;
			sourceTree = "<group>";
		};
		89B92F20299CE34F008B1375 /* ViewModels */ = {
			isa = PBXGroup;
			children = (
				89B92F21299CE363008B1375 /* InferenceList+ViewModel.swift */,
				89416A0D299E656200D46CDB /* NewImage+ViewModel.swift */,
			);
			path = ViewModels;
			sourceTree = "<group>";
		};
		89FC5EA729939613004340DE = {
			isa = PBXGroup;
			children = (
				89405DFC29B62F4900B0B67C /* Packages */,
				89FC5EE52993DD5A004340DE /* Config.xcconfig */,
				89FC5EB229939613004340DE /* TestLeapML */,
				89FC5EC429939615004340DE /* TestLeapMLTests */,
				89FC5EB129939613004340DE /* Products */,
				892906B629B63468007FA8C3 /* Frameworks */,
			);
			sourceTree = "<group>";
		};
		89FC5EB129939613004340DE /* Products */ = {
			isa = PBXGroup;
			children = (
				89FC5EB029939613004340DE /* AI Canvas.app */,
				89FC5EC129939615004340DE /* TestLeapMLTests.xctest */,
			);
			name = Products;
			sourceTree = "<group>";
		};
		89FC5EB229939613004340DE /* TestLeapML */ = {
			isa = PBXGroup;
			children = (
				89852E0B29A4C1A70084EE08 /* Extensions */,
				89B92F20299CE34F008B1375 /* ViewModels */,
				89FC5F04299A504F004340DE /* Utils */,
				89FC5EF5299A4C79004340DE /* Views */,
				89FC5EE62993E060004340DE /* Info.plist */,
				89FC5EB329939613004340DE /* TestLeapMLApp.swift */,
				89FC5EB529939613004340DE /* ContentView.swift */,
				89FC5EB729939615004340DE /* Assets.xcassets */,
				89FC5EB929939615004340DE /* TestLeapML.entitlements */,
				89FC5EBA29939615004340DE /* Preview Content */,
			);
			path = TestLeapML;
			sourceTree = "<group>";
		};
		89FC5EBA29939615004340DE /* Preview Content */ = {
			isa = PBXGroup;
			children = (
				89FC5F02299A5037004340DE /* ListInferences.json */,
				89FC5EBB29939615004340DE /* Preview Assets.xcassets */,
			);
			path = "Preview Content";
			sourceTree = "<group>";
		};
		89FC5EC429939615004340DE /* TestLeapMLTests */ = {
			isa = PBXGroup;
			children = (
				89FC5EF129953760004340DE /* ListInferenceJobs.json */,
				89FC5EC529939615004340DE /* TestLeapMLTests.swift */,
				89FC5EF329962DC5004340DE /* GenerateImage.json */,
			);
			path = TestLeapMLTests;
			sourceTree = "<group>";
		};
		89FC5EF5299A4C79004340DE /* Views */ = {
			isa = PBXGroup;
			children = (
				89FC5EF6299A4C97004340DE /* InferenceList.swift */,
				89FC5F07299A6118004340DE /* Toolbars.swift */,
				89FC5F09299A7034004340DE /* NewImage.swift */,
				89B92F1A299BB711008B1375 /* ErrorBar.swift */,
				89B92F1E299BC061008B1375 /* InferenceDetail.swift */,
				89852E0E29A4C60E0084EE08 /* InferenceDetail+Gallery.swift */,
				89B2C7BE29A62D1A0035C37E /* ResolutionPicker.swift */,
				892277DE29A7B68100881129 /* InferenceListContainer.swift */,
				8995571B29A8B617003965D8 /* ProgressContainer.swift */,
			);
			path = Views;
			sourceTree = "<group>";
		};
		89FC5F04299A504F004340DE /* Utils */ = {
			isa = PBXGroup;
			children = (
				89FC5F05299A505A004340DE /* Utils.swift */,
				89B92F1C299BB810008B1375 /* DisplayableError.swift */,
			);
			path = Utils;
			sourceTree = "<group>";
		};
/* End PBXGroup section */

/* Begin PBXNativeTarget section */
		89FC5EAF29939613004340DE /* TestLeapML */ = {
			isa = PBXNativeTarget;
			buildConfigurationList = 89FC5ED529939615004340DE /* Build configuration list for PBXNativeTarget "TestLeapML" */;
			buildPhases = (
				89FC5EAC29939613004340DE /* Sources */,
				89FC5EAD29939613004340DE /* Frameworks */,
				89FC5EAE29939613004340DE /* Resources */,
			);
			buildRules = (
			);
			dependencies = (
			);
			name = TestLeapML;
			packageProductDependencies = (
				892906B729B63468007FA8C3 /* LeapML */,
			);
			productName = TestLeapML;
			productReference = 89FC5EB029939613004340DE /* AI Canvas.app */;
			productType = "com.apple.product-type.application";
		};
		89FC5EC029939615004340DE /* TestLeapMLTests */ = {
			isa = PBXNativeTarget;
			buildConfigurationList = 89FC5ED829939615004340DE /* Build configuration list for PBXNativeTarget "TestLeapMLTests" */;
			buildPhases = (
				89FC5EBD29939615004340DE /* Sources */,
				89FC5EBE29939615004340DE /* Frameworks */,
				89FC5EBF29939615004340DE /* Resources */,
			);
			buildRules = (
			);
			dependencies = (
				89FC5EC329939615004340DE /* PBXTargetDependency */,
			);
			name = TestLeapMLTests;
			productName = TestLeapMLTests;
			productReference = 89FC5EC129939615004340DE /* TestLeapMLTests.xctest */;
			productType = "com.apple.product-type.bundle.unit-test";
		};
/* End PBXNativeTarget section */

/* Begin PBXProject section */
		89FC5EA829939613004340DE /* Project object */ = {
			isa = PBXProject;
			attributes = {
				BuildIndependentTargetsInParallel = 1;
				LastSwiftUpdateCheck = 1420;
				LastUpgradeCheck = 1420;
				TargetAttributes = {
					89FC5EAF29939613004340DE = {
						CreatedOnToolsVersion = 14.2;
					};
					89FC5EC029939615004340DE = {
						CreatedOnToolsVersion = 14.2;
						TestTargetID = 89FC5EAF29939613004340DE;
					};
				};
			};
			buildConfigurationList = 89FC5EAB29939613004340DE /* Build configuration list for PBXProject "TestLeapML" */;
			compatibilityVersion = "Xcode 14.0";
			developmentRegion = en;
			hasScannedForEncodings = 0;
			knownRegions = (
				en,
				Base,
			);
			mainGroup = 89FC5EA729939613004340DE;
			productRefGroup = 89FC5EB129939613004340DE /* Products */;
			projectDirPath = "";
			projectRoot = "";
			targets = (
				89FC5EAF29939613004340DE /* TestLeapML */,
				89FC5EC029939615004340DE /* TestLeapMLTests */,
			);
		};
/* End PBXProject section */

/* Begin PBXResourcesBuildPhase section */
		89FC5EAE29939613004340DE /* Resources */ = {
			isa = PBXResourcesBuildPhase;
			buildActionMask = 2147483647;
			files = (
				89FC5EBC29939615004340DE /* Preview Assets.xcassets in Resources */,
				89FC5F03299A5037004340DE /* ListInferences.json in Resources */,
				89FC5EB829939615004340DE /* Assets.xcassets in Resources */,
			);
			runOnlyForDeploymentPostprocessing = 0;
		};
		89FC5EBF29939615004340DE /* Resources */ = {
			isa = PBXResourcesBuildPhase;
			buildActionMask = 2147483647;
			files = (
				89FC5EF429962DC5004340DE /* GenerateImage.json in Resources */,
				89FC5EF229953760004340DE /* ListInferenceJobs.json in Resources */,
			);
			runOnlyForDeploymentPostprocessing = 0;
		};
/* End PBXResourcesBuildPhase section */

/* Begin PBXSourcesBuildPhase section */
		89FC5EAC29939613004340DE /* Sources */ = {
			isa = PBXSourcesBuildPhase;
			buildActionMask = 2147483647;
			files = (
				89FC5F0A299A7034004340DE /* NewImage.swift in Sources */,
				89B2C7BF29A62D1A0035C37E /* ResolutionPicker.swift in Sources */,
				89852E0F29A4C60E0084EE08 /* InferenceDetail+Gallery.swift in Sources */,
				89FC5EF7299A4C97004340DE /* InferenceList.swift in Sources */,
				89B92F1B299BB711008B1375 /* ErrorBar.swift in Sources */,
				89B92F1D299BB810008B1375 /* DisplayableError.swift in Sources */,
				89B92F22299CE363008B1375 /* InferenceList+ViewModel.swift in Sources */,
				89FC5EB629939613004340DE /* ContentView.swift in Sources */,
				8995571C29A8B617003965D8 /* ProgressContainer.swift in Sources */,
				89B92F1F299BC061008B1375 /* InferenceDetail.swift in Sources */,
				892277DF29A7B68100881129 /* InferenceListContainer.swift in Sources */,
				89FC5F08299A6118004340DE /* Toolbars.swift in Sources */,
				89852E1129A4D3DF0084EE08 /* String+Utils.swift in Sources */,
				89FC5EB429939613004340DE /* TestLeapMLApp.swift in Sources */,
				8995571E29A8C0C4003965D8 /* ProcessInfo+Preview.swift in Sources */,
				89852E0D29A4C1F90084EE08 /* Array+InferenceJob.swift in Sources */,
				89416A0E299E656200D46CDB /* NewImage+ViewModel.swift in Sources */,
				89FC5F06299A505A004340DE /* Utils.swift in Sources */,
			);
			runOnlyForDeploymentPostprocessing = 0;
		};
		89FC5EBD29939615004340DE /* Sources */ = {
			isa = PBXSourcesBuildPhase;
			buildActionMask = 2147483647;
			files = (
				89FC5EC629939615004340DE /* TestLeapMLTests.swift in Sources */,
			);
			runOnlyForDeploymentPostprocessing = 0;
		};
/* End PBXSourcesBuildPhase section */

/* Begin PBXTargetDependency section */
		89FC5EC329939615004340DE /* PBXTargetDependency */ = {
			isa = PBXTargetDependency;
			target = 89FC5EAF29939613004340DE /* TestLeapML */;
			targetProxy = 89FC5EC229939615004340DE /* PBXContainerItemProxy */;
		};
/* End PBXTargetDependency section */

/* Begin XCBuildConfiguration section */
		89FC5ED329939615004340DE /* Debug */ = {
			isa = XCBuildConfiguration;
			baseConfigurationReference = 89FC5EE52993DD5A004340DE /* Config.xcconfig */;
			buildSettings = {
				ALWAYS_SEARCH_USER_PATHS = NO;
				CLANG_ANALYZER_NONNULL = YES;
				CLANG_ANALYZER_NUMBER_OBJECT_CONVERSION = YES_AGGRESSIVE;
				CLANG_CXX_LANGUAGE_STANDARD = "gnu++20";
				CLANG_ENABLE_MODULES = YES;
				CLANG_ENABLE_OBJC_ARC = YES;
				CLANG_ENABLE_OBJC_WEAK = YES;
				CLANG_WARN_BLOCK_CAPTURE_AUTORELEASING = YES;
				CLANG_WARN_BOOL_CONVERSION = YES;
				CLANG_WARN_COMMA = YES;
				CLANG_WARN_CONSTANT_CONVERSION = YES;
				CLANG_WARN_DEPRECATED_OBJC_IMPLEMENTATIONS = YES;
				CLANG_WARN_DIRECT_OBJC_ISA_USAGE = YES_ERROR;
				CLANG_WARN_DOCUMENTATION_COMMENTS = YES;
				CLANG_WARN_EMPTY_BODY = YES;
				CLANG_WARN_ENUM_CONVERSION = YES;
				CLANG_WARN_INFINITE_RECURSION = YES;
				CLANG_WARN_INT_CONVERSION = YES;
				CLANG_WARN_NON_LITERAL_NULL_CONVERSION = YES;
				CLANG_WARN_OBJC_IMPLICIT_RETAIN_SELF = YES;
				CLANG_WARN_OBJC_LITERAL_CONVERSION = YES;
				CLANG_WARN_OBJC_ROOT_CLASS = YES_ERROR;
				CLANG_WARN_QUOTED_INCLUDE_IN_FRAMEWORK_HEADER = YES;
				CLANG_WARN_RANGE_LOOP_ANALYSIS = YES;
				CLANG_WARN_STRICT_PROTOTYPES = YES;
				CLANG_WARN_SUSPICIOUS_MOVE = YES;
				CLANG_WARN_UNGUARDED_AVAILABILITY = YES_AGGRESSIVE;
				CLANG_WARN_UNREACHABLE_CODE = YES;
				CLANG_WARN__DUPLICATE_METHOD_MATCH = YES;
				COPY_PHASE_STRIP = NO;
				DEBUG_INFORMATION_FORMAT = dwarf;
				ENABLE_STRICT_OBJC_MSGSEND = YES;
				ENABLE_TESTABILITY = YES;
				GCC_C_LANGUAGE_STANDARD = gnu11;
				GCC_DYNAMIC_NO_PIC = NO;
				GCC_NO_COMMON_BLOCKS = YES;
				GCC_OPTIMIZATION_LEVEL = 0;
				GCC_PREPROCESSOR_DEFINITIONS = (
					"DEBUG=1",
					"$(inherited)",
				);
				GCC_WARN_64_TO_32_BIT_CONVERSION = YES;
				GCC_WARN_ABOUT_RETURN_TYPE = YES_ERROR;
				GCC_WARN_UNDECLARED_SELECTOR = YES;
				GCC_WARN_UNINITIALIZED_AUTOS = YES_AGGRESSIVE;
				GCC_WARN_UNUSED_FUNCTION = YES;
				GCC_WARN_UNUSED_VARIABLE = YES;
				MTL_ENABLE_DEBUG_INFO = INCLUDE_SOURCE;
				MTL_FAST_MATH = YES;
				ONLY_ACTIVE_ARCH = YES;
				SWIFT_ACTIVE_COMPILATION_CONDITIONS = DEBUG;
				SWIFT_OPTIMIZATION_LEVEL = "-Onone";
			};
			name = Debug;
		};
		89FC5ED429939615004340DE /* Release */ = {
			isa = XCBuildConfiguration;
			baseConfigurationReference = 89FC5EE52993DD5A004340DE /* Config.xcconfig */;
			buildSettings = {
				ALWAYS_SEARCH_USER_PATHS = NO;
				CLANG_ANALYZER_NONNULL = YES;
				CLANG_ANALYZER_NUMBER_OBJECT_CONVERSION = YES_AGGRESSIVE;
				CLANG_CXX_LANGUAGE_STANDARD = "gnu++20";
				CLANG_ENABLE_MODULES = YES;
				CLANG_ENABLE_OBJC_ARC = YES;
				CLANG_ENABLE_OBJC_WEAK = YES;
				CLANG_WARN_BLOCK_CAPTURE_AUTORELEASING = YES;
				CLANG_WARN_BOOL_CONVERSION = YES;
				CLANG_WARN_COMMA = YES;
				CLANG_WARN_CONSTANT_CONVERSION = YES;
				CLANG_WARN_DEPRECATED_OBJC_IMPLEMENTATIONS = YES;
				CLANG_WARN_DIRECT_OBJC_ISA_USAGE = YES_ERROR;
				CLANG_WARN_DOCUMENTATION_COMMENTS = YES;
				CLANG_WARN_EMPTY_BODY = YES;
				CLANG_WARN_ENUM_CONVERSION = YES;
				CLANG_WARN_INFINITE_RECURSION = YES;
				CLANG_WARN_INT_CONVERSION = YES;
				CLANG_WARN_NON_LITERAL_NULL_CONVERSION = YES;
				CLANG_WARN_OBJC_IMPLICIT_RETAIN_SELF = YES;
				CLANG_WARN_OBJC_LITERAL_CONVERSION = YES;
				CLANG_WARN_OBJC_ROOT_CLASS = YES_ERROR;
				CLANG_WARN_QUOTED_INCLUDE_IN_FRAMEWORK_HEADER = YES;
				CLANG_WARN_RANGE_LOOP_ANALYSIS = YES;
				CLANG_WARN_STRICT_PROTOTYPES = YES;
				CLANG_WARN_SUSPICIOUS_MOVE = YES;
				CLANG_WARN_UNGUARDED_AVAILABILITY = YES_AGGRESSIVE;
				CLANG_WARN_UNREACHABLE_CODE = YES;
				CLANG_WARN__DUPLICATE_METHOD_MATCH = YES;
				COPY_PHASE_STRIP = NO;
				DEBUG_INFORMATION_FORMAT = "dwarf-with-dsym";
				ENABLE_NS_ASSERTIONS = NO;
				ENABLE_STRICT_OBJC_MSGSEND = YES;
				GCC_C_LANGUAGE_STANDARD = gnu11;
				GCC_NO_COMMON_BLOCKS = YES;
				GCC_WARN_64_TO_32_BIT_CONVERSION = YES;
				GCC_WARN_ABOUT_RETURN_TYPE = YES_ERROR;
				GCC_WARN_UNDECLARED_SELECTOR = YES;
				GCC_WARN_UNINITIALIZED_AUTOS = YES_AGGRESSIVE;
				GCC_WARN_UNUSED_FUNCTION = YES;
				GCC_WARN_UNUSED_VARIABLE = YES;
				MTL_ENABLE_DEBUG_INFO = NO;
				MTL_FAST_MATH = YES;
				SWIFT_COMPILATION_MODE = wholemodule;
				SWIFT_OPTIMIZATION_LEVEL = "-O";
			};
			name = Release;
		};
		89FC5ED629939615004340DE /* Debug */ = {
			isa = XCBuildConfiguration;
			baseConfigurationReference = 89FC5EE52993DD5A004340DE /* Config.xcconfig */;
			buildSettings = {
				ASSETCATALOG_COMPILER_APPICON_NAME = AppIcon;
				ASSETCATALOG_COMPILER_GLOBAL_ACCENT_COLOR_NAME = AccentColor;
				CODE_SIGN_ENTITLEMENTS = TestLeapML/TestLeapML.entitlements;
				"CODE_SIGN_IDENTITY[sdk=macosx*]" = "-";
				CODE_SIGN_STYLE = Manual;
				CURRENT_PROJECT_VERSION = 4;
				DEVELOPMENT_ASSET_PATHS = "\"TestLeapML/Preview Content\"";
				DEVELOPMENT_TEAM = "";
				"DEVELOPMENT_TEAM[sdk=iphoneos*]" = MH8GQLL8BR;
				ENABLE_PREVIEWS = YES;
				GENERATE_INFOPLIST_FILE = YES;
				INFOPLIST_FILE = TestLeapML/Info.plist;
				INFOPLIST_KEY_LSApplicationCategoryType = "public.app-category.graphics-design";
				"INFOPLIST_KEY_UIApplicationSceneManifest_Generation[sdk=iphoneos*]" = YES;
				"INFOPLIST_KEY_UIApplicationSceneManifest_Generation[sdk=iphonesimulator*]" = YES;
				"INFOPLIST_KEY_UIApplicationSupportsIndirectInputEvents[sdk=iphoneos*]" = YES;
				"INFOPLIST_KEY_UIApplicationSupportsIndirectInputEvents[sdk=iphonesimulator*]" = YES;
				"INFOPLIST_KEY_UILaunchScreen_Generation[sdk=iphoneos*]" = YES;
				"INFOPLIST_KEY_UILaunchScreen_Generation[sdk=iphonesimulator*]" = YES;
				"INFOPLIST_KEY_UIStatusBarStyle[sdk=iphoneos*]" = UIStatusBarStyleDefault;
				"INFOPLIST_KEY_UIStatusBarStyle[sdk=iphonesimulator*]" = UIStatusBarStyleDefault;
				INFOPLIST_KEY_UISupportedInterfaceOrientations_iPad = "UIInterfaceOrientationPortrait UIInterfaceOrientationPortraitUpsideDown UIInterfaceOrientationLandscapeLeft UIInterfaceOrientationLandscapeRight";
				INFOPLIST_KEY_UISupportedInterfaceOrientations_iPhone = "UIInterfaceOrientationPortrait UIInterfaceOrientationLandscapeLeft UIInterfaceOrientationLandscapeRight";
				IPHONEOS_DEPLOYMENT_TARGET = 16.2;
				LD_RUNPATH_SEARCH_PATHS = "@executable_path/Frameworks";
				"LD_RUNPATH_SEARCH_PATHS[sdk=macosx*]" = "@executable_path/../Frameworks";
				MACOSX_DEPLOYMENT_TARGET = 13.1;
				MARKETING_VERSION = 1.0;
				PRODUCT_BUNDLE_IDENTIFIER = nl.dutchvirtual.aicanvas;
				PRODUCT_NAME = "AI Canvas";
				PROVISIONING_PROFILE_SPECIFIER = "";
				"PROVISIONING_PROFILE_SPECIFIER[sdk=iphoneos*]" = "match Development nl.dutchvirtual.aicanvas";
				SDKROOT = auto;
				SUPPORTED_PLATFORMS = "iphoneos iphonesimulator";
				SUPPORTS_MACCATALYST = NO;
				SUPPORTS_MAC_DESIGNED_FOR_IPHONE_IPAD = NO;
				SWIFT_EMIT_LOC_STRINGS = YES;
				SWIFT_VERSION = 5.0;
				TARGETED_DEVICE_FAMILY = "1,2";
			};
			name = Debug;
		};
		89FC5ED729939615004340DE /* Release */ = {
			isa = XCBuildConfiguration;
			baseConfigurationReference = 89FC5EE52993DD5A004340DE /* Config.xcconfig */;
			buildSettings = {
				ASSETCATALOG_COMPILER_APPICON_NAME = AppIcon;
				ASSETCATALOG_COMPILER_GLOBAL_ACCENT_COLOR_NAME = AccentColor;
				CODE_SIGN_ENTITLEMENTS = TestLeapML/TestLeapML.entitlements;
				"CODE_SIGN_IDENTITY[sdk=macosx*]" = "-";
				CODE_SIGN_STYLE = Manual;
				CURRENT_PROJECT_VERSION = 4;
				DEVELOPMENT_ASSET_PATHS = "\"TestLeapML/Preview Content\"";
				DEVELOPMENT_TEAM = "";
				"DEVELOPMENT_TEAM[sdk=iphoneos*]" = MH8GQLL8BR;
				ENABLE_PREVIEWS = YES;
				GENERATE_INFOPLIST_FILE = YES;
				INFOPLIST_FILE = TestLeapML/Info.plist;
				INFOPLIST_KEY_LSApplicationCategoryType = "public.app-category.graphics-design";
				"INFOPLIST_KEY_UIApplicationSceneManifest_Generation[sdk=iphoneos*]" = YES;
				"INFOPLIST_KEY_UIApplicationSceneManifest_Generation[sdk=iphonesimulator*]" = YES;
				"INFOPLIST_KEY_UIApplicationSupportsIndirectInputEvents[sdk=iphoneos*]" = YES;
				"INFOPLIST_KEY_UIApplicationSupportsIndirectInputEvents[sdk=iphonesimulator*]" = YES;
				"INFOPLIST_KEY_UILaunchScreen_Generation[sdk=iphoneos*]" = YES;
				"INFOPLIST_KEY_UILaunchScreen_Generation[sdk=iphonesimulator*]" = YES;
				"INFOPLIST_KEY_UIStatusBarStyle[sdk=iphoneos*]" = UIStatusBarStyleDefault;
				"INFOPLIST_KEY_UIStatusBarStyle[sdk=iphonesimulator*]" = UIStatusBarStyleDefault;
				INFOPLIST_KEY_UISupportedInterfaceOrientations_iPad = "UIInterfaceOrientationPortrait UIInterfaceOrientationPortraitUpsideDown UIInterfaceOrientationLandscapeLeft UIInterfaceOrientationLandscapeRight";
				INFOPLIST_KEY_UISupportedInterfaceOrientations_iPhone = "UIInterfaceOrientationPortrait UIInterfaceOrientationLandscapeLeft UIInterfaceOrientationLandscapeRight";
				IPHONEOS_DEPLOYMENT_TARGET = 16.2;
				LD_RUNPATH_SEARCH_PATHS = "@executable_path/Frameworks";
				"LD_RUNPATH_SEARCH_PATHS[sdk=macosx*]" = "@executable_path/../Frameworks";
				MACOSX_DEPLOYMENT_TARGET = 13.1;
				MARKETING_VERSION = 1.0;
				PRODUCT_BUNDLE_IDENTIFIER = nl.dutchvirtual.aicanvas;
				PRODUCT_NAME = "AI Canvas";
				PROVISIONING_PROFILE_SPECIFIER = "";
				"PROVISIONING_PROFILE_SPECIFIER[sdk=iphoneos*]" = "match Development nl.dutchvirtual.aicanvas";
				SDKROOT = auto;
				SUPPORTED_PLATFORMS = "iphoneos iphonesimulator";
				SUPPORTS_MACCATALYST = NO;
				SUPPORTS_MAC_DESIGNED_FOR_IPHONE_IPAD = NO;
				SWIFT_EMIT_LOC_STRINGS = YES;
				SWIFT_VERSION = 5.0;
				TARGETED_DEVICE_FAMILY = "1,2";
			};
			name = Release;
		};
		89FC5ED929939615004340DE /* Debug */ = {
			isa = XCBuildConfiguration;
			buildSettings = {
				ALWAYS_EMBED_SWIFT_STANDARD_LIBRARIES = YES;
				BUNDLE_LOADER = "$(TEST_HOST)";
				CODE_SIGN_STYLE = Automatic;
				CURRENT_PROJECT_VERSION = 4;
				GENERATE_INFOPLIST_FILE = YES;
				IPHONEOS_DEPLOYMENT_TARGET = 16.2;
				MACOSX_DEPLOYMENT_TARGET = 13.1;
				MARKETING_VERSION = 1.0;
				PRODUCT_BUNDLE_IDENTIFIER = nl.dutchvirtual.TestLeapMLTests;
				PRODUCT_NAME = "$(TARGET_NAME)";
				SDKROOT = auto;
				SUPPORTED_PLATFORMS = "iphoneos iphonesimulator macosx";
				SWIFT_EMIT_LOC_STRINGS = NO;
				SWIFT_VERSION = 5.0;
				TARGETED_DEVICE_FAMILY = "1,2";
				TEST_HOST = "$(BUILT_PRODUCTS_DIR)/TestLeapML.app/$(BUNDLE_EXECUTABLE_FOLDER_PATH)/TestLeapML";
			};
			name = Debug;
		};
		89FC5EDA29939615004340DE /* Release */ = {
			isa = XCBuildConfiguration;
			buildSettings = {
				ALWAYS_EMBED_SWIFT_STANDARD_LIBRARIES = YES;
				BUNDLE_LOADER = "$(TEST_HOST)";
				CODE_SIGN_STYLE = Automatic;
				CURRENT_PROJECT_VERSION = 4;
				GENERATE_INFOPLIST_FILE = YES;
				IPHONEOS_DEPLOYMENT_TARGET = 16.2;
				MACOSX_DEPLOYMENT_TARGET = 13.1;
				MARKETING_VERSION = 1.0;
				PRODUCT_BUNDLE_IDENTIFIER = nl.dutchvirtual.TestLeapMLTests;
				PRODUCT_NAME = "$(TARGET_NAME)";
				SDKROOT = auto;
				SUPPORTED_PLATFORMS = "iphoneos iphonesimulator macosx";
				SWIFT_EMIT_LOC_STRINGS = NO;
				SWIFT_VERSION = 5.0;
				TARGETED_DEVICE_FAMILY = "1,2";
				TEST_HOST = "$(BUILT_PRODUCTS_DIR)/TestLeapML.app/$(BUNDLE_EXECUTABLE_FOLDER_PATH)/TestLeapML";
			};
			name = Release;
		};
/* End XCBuildConfiguration section */

/* Begin XCConfigurationList section */
		89FC5EAB29939613004340DE /* Build configuration list for PBXProject "TestLeapML" */ = {
			isa = XCConfigurationList;
			buildConfigurations = (
				89FC5ED329939615004340DE /* Debug */,
				89FC5ED429939615004340DE /* Release */,
			);
			defaultConfigurationIsVisible = 0;
			defaultConfigurationName = Release;
		};
		89FC5ED529939615004340DE /* Build configuration list for PBXNativeTarget "TestLeapML" */ = {
			isa = XCConfigurationList;
			buildConfigurations = (
				89FC5ED629939615004340DE /* Debug */,
				89FC5ED729939615004340DE /* Release */,
			);
			defaultConfigurationIsVisible = 0;
			defaultConfigurationName = Release;
		};
		89FC5ED829939615004340DE /* Build configuration list for PBXNativeTarget "TestLeapMLTests" */ = {
			isa = XCConfigurationList;
			buildConfigurations = (
				89FC5ED929939615004340DE /* Debug */,
				89FC5EDA29939615004340DE /* Release */,
			);
			defaultConfigurationIsVisible = 0;
			defaultConfigurationName = Release;
		};
/* End XCConfigurationList section */

/* Begin XCSwiftPackageProductDependency section */
		892906B729B63468007FA8C3 /* LeapML */ = {
			isa = XCSwiftPackageProductDependency;
			productName = LeapML;
		};
/* End XCSwiftPackageProductDependency section */
	};
	rootObject = 89FC5EA829939613004340DE /* Project object */;
}
